// !$*UTF8*$!
{
	archiveVersion = 1;
	classes = {
	};
	objectVersion = 50;
	objects = {

/* Begin PBXBuildFile section */
		056340C726B47AE30025A748 /* AppDelegate.swift in Sources */ = {isa = PBXBuildFile; fileRef = 056340C626B47AE30025A748 /* AppDelegate.swift */; };
		056340C926B47AE30025A748 /* SceneDelegate.swift in Sources */ = {isa = PBXBuildFile; fileRef = 056340C826B47AE30025A748 /* SceneDelegate.swift */; };
		056340CB26B47AE30025A748 /* GetStartedViewController.swift in Sources */ = {isa = PBXBuildFile; fileRef = 056340CA26B47AE30025A748 /* GetStartedViewController.swift */; };
		056340CE26B47AE30025A748 /* Main.storyboard in Resources */ = {isa = PBXBuildFile; fileRef = 056340CC26B47AE30025A748 /* Main.storyboard */; };
		056340D026B47AE70025A748 /* Assets.xcassets in Resources */ = {isa = PBXBuildFile; fileRef = 056340CF26B47AE70025A748 /* Assets.xcassets */; };
		056340D326B47AE70025A748 /* LaunchScreen.storyboard in Resources */ = {isa = PBXBuildFile; fileRef = 056340D126B47AE70025A748 /* LaunchScreen.storyboard */; };
		056340DF26B487F90025A748 /* ChooseCategoryViewController.swift in Sources */ = {isa = PBXBuildFile; fileRef = 056340DE26B487F90025A748 /* ChooseCategoryViewController.swift */; };
		05DEA17226B497A30078AB80 /* LearningWayViewController.swift in Sources */ = {isa = PBXBuildFile; fileRef = 05DEA17126B497A30078AB80 /* LearningWayViewController.swift */; };
/* End PBXBuildFile section */

/* Begin PBXFileReference section */
		056340C326B47AE30025A748 /* hw2.8.app */ = {isa = PBXFileReference; explicitFileType = wrapper.application; includeInIndex = 0; path = hw2.8.app; sourceTree = BUILT_PRODUCTS_DIR; };
		056340C626B47AE30025A748 /* AppDelegate.swift */ = {isa = PBXFileReference; lastKnownFileType = sourcecode.swift; path = AppDelegate.swift; sourceTree = "<group>"; };
		056340C826B47AE30025A748 /* SceneDelegate.swift */ = {isa = PBXFileReference; lastKnownFileType = sourcecode.swift; path = SceneDelegate.swift; sourceTree = "<group>"; };
		056340CA26B47AE30025A748 /* GetStartedViewController.swift */ = {isa = PBXFileReference; lastKnownFileType = sourcecode.swift; path = GetStartedViewController.swift; sourceTree = "<group>"; };
		056340CD26B47AE30025A748 /* Base */ = {isa = PBXFileReference; lastKnownFileType = file.storyboard; name = Base; path = Base.lproj/Main.storyboard; sourceTree = "<group>"; };
		056340CF26B47AE70025A748 /* Assets.xcassets */ = {isa = PBXFileReference; lastKnownFileType = folder.assetcatalog; path = Assets.xcassets; sourceTree = "<group>"; };
		056340D226B47AE70025A748 /* Base */ = {isa = PBXFileReference; lastKnownFileType = file.storyboard; name = Base; path = Base.lproj/LaunchScreen.storyboard; sourceTree = "<group>"; };
		056340D426B47AE70025A748 /* Info.plist */ = {isa = PBXFileReference; lastKnownFileType = text.plist.xml; path = Info.plist; sourceTree = "<group>"; };
		056340DE26B487F90025A748 /* ChooseCategoryViewController.swift */ = {isa = PBXFileReference; lastKnownFileType = sourcecode.swift; path = ChooseCategoryViewController.swift; sourceTree = "<group>"; };
		05DEA17126B497A30078AB80 /* LearningWayViewController.swift */ = {isa = PBXFileReference; lastKnownFileType = sourcecode.swift; path = LearningWayViewController.swift; sourceTree = "<group>"; };
/* End PBXFileReference section */

/* Begin PBXFrameworksBuildPhase section */
		056340C026B47AE30025A748 /* Frameworks */ = {
			isa = PBXFrameworksBuildPhase;
			buildActionMask = 2147483647;
			files = (
			);
			runOnlyForDeploymentPostprocessing = 0;
		};
/* End PBXFrameworksBuildPhase section */

/* Begin PBXGroup section */
		056340BA26B47AE30025A748 = {
			isa = PBXGroup;
			children = (
				056340C526B47AE30025A748 /* hw2.8 */,
				056340C426B47AE30025A748 /* Products */,
			);
			sourceTree = "<group>";
		};
		056340C426B47AE30025A748 /* Products */ = {
			isa = PBXGroup;
			children = (
				056340C326B47AE30025A748 /* hw2.8.app */,
			);
			name = Products;
			sourceTree = "<group>";
		};
		056340C526B47AE30025A748 /* hw2.8 */ = {
			isa = PBXGroup;
			children = (
				056340E026B488180025A748 /* ViewControllers */,
				056340C626B47AE30025A748 /* AppDelegate.swift */,
				056340C826B47AE30025A748 /* SceneDelegate.swift */,
				056340CC26B47AE30025A748 /* Main.storyboard */,
				056340CF26B47AE70025A748 /* Assets.xcassets */,
				056340D126B47AE70025A748 /* LaunchScreen.storyboard */,
				056340D426B47AE70025A748 /* Info.plist */,
			);
			path = hw2.8;
			sourceTree = "<group>";
		};
		056340E026B488180025A748 /* ViewControllers */ = {
			isa = PBXGroup;
			children = (
				056340CA26B47AE30025A748 /* GetStartedViewController.swift */,
				056340DE26B487F90025A748 /* ChooseCategoryViewController.swift */,
				05DEA17126B497A30078AB80 /* LearningWayViewController.swift */,
			);
			path = ViewControllers;
			sourceTree = "<group>";
		};
/* End PBXGroup section */

/* Begin PBXNativeTarget section */
		056340C226B47AE30025A748 /* hw2.8 */ = {
			isa = PBXNativeTarget;
			buildConfigurationList = 056340D726B47AE70025A748 /* Build configuration list for PBXNativeTarget "hw2.8" */;
			buildPhases = (
				056340BF26B47AE30025A748 /* Sources */,
				056340C026B47AE30025A748 /* Frameworks */,
				056340C126B47AE30025A748 /* Resources */,
			);
			buildRules = (
			);
			dependencies = (
			);
			name = hw2.8;
			productName = hw2.8;
			productReference = 056340C326B47AE30025A748 /* hw2.8.app */;
			productType = "com.apple.product-type.application";
		};
/* End PBXNativeTarget section */

/* Begin PBXProject section */
		056340BB26B47AE30025A748 /* Project object */ = {
			isa = PBXProject;
			attributes = {
				LastSwiftUpdateCheck = 1250;
				LastUpgradeCheck = 1250;
				TargetAttributes = {
					056340C226B47AE30025A748 = {
						CreatedOnToolsVersion = 12.5.1;
					};
				};
			};
			buildConfigurationList = 056340BE26B47AE30025A748 /* Build configuration list for PBXProject "hw2.8" */;
			compatibilityVersion = "Xcode 9.3";
			developmentRegion = en;
			hasScannedForEncodings = 0;
			knownRegions = (
				en,
				Base,
			);
			mainGroup = 056340BA26B47AE30025A748;
			productRefGroup = 056340C426B47AE30025A748 /* Products */;
			projectDirPath = "";
			projectRoot = "";
			targets = (
				056340C226B47AE30025A748 /* hw2.8 */,
			);
		};
/* End PBXProject section */

/* Begin PBXResourcesBuildPhase section */
		056340C126B47AE30025A748 /* Resources */ = {
			isa = PBXResourcesBuildPhase;
			buildActionMask = 2147483647;
			files = (
				056340D326B47AE70025A748 /* LaunchScreen.storyboard in Resources */,
				056340D026B47AE70025A748 /* Assets.xcassets in Resources */,
				056340CE26B47AE30025A748 /* Main.storyboard in Resources */,
			);
			runOnlyForDeploymentPostprocessing = 0;
		};
/* End PBXResourcesBuildPhase section */

/* Begin PBXSourcesBuildPhase section */
		056340BF26B47AE30025A748 /* Sources */ = {
			isa = PBXSourcesBuildPhase;
			buildActionMask = 2147483647;
			files = (
				05DEA17226B497A30078AB80 /* LearningWayViewController.swift in Sources */,
				056340CB26B47AE30025A748 /* GetStartedViewController.swift in Sources */,
				056340DF26B487F90025A748 /* ChooseCategoryViewController.swift in Sources */,
				056340C726B47AE30025A748 /* AppDelegate.swift in Sources */,
				056340C926B47AE30025A748 /* SceneDelegate.swift in Sources */,
			);
			runOnlyForDeploymentPostprocessing = 0;
		};
/* End PBXSourcesBuildPhase section */

/* Begin PBXVariantGroup section */
		056340CC26B47AE30025A748 /* Main.storyboard */ = {
			isa = PBXVariantGroup;
			children = (
				056340CD26B47AE30025A748 /* Base */,
			);
			name = Main.storyboard;
			sourceTree = "<group>";
		};
		056340D126B47AE70025A748 /* LaunchScreen.storyboard */ = {
			isa = PBXVariantGroup;
			children = (
				056340D226B47AE70025A748 /* Base */,
			);
			name = LaunchScreen.storyboard;
			sourceTree = "<group>";
		};
/* End PBXVariantGroup section */

/* Begin XCBuildConfiguration section */
		056340D526B47AE70025A748 /* Debug */ = {
			isa = XCBuildConfiguration;
			buildSettings = {
				ALWAYS_SEARCH_USER_PATHS = NO;
				CLANG_ANALYZER_NONNULL = YES;
				CLANG_ANALYZER_NUMBER_OBJECT_CONVERSION = YES_AGGRESSIVE;
				CLANG_CXX_LANGUAGE_STANDARD = "gnu++14";
				CLANG_CXX_LIBRARY = "libc++";
				CLANG_ENABLE_MODULES = YES;
				CLANG_ENABLE_OBJC_ARC = YES;
				CLANG_ENABLE_OBJC_WEAK = YES;
				CLANG_WARN_BLOCK_CAPTURE_AUTORELEASING = YES;
				CLANG_WARN_BOOL_CONVERSION = YES;
				CLANG_WARN_COMMA = YES;
				CLANG_WARN_CONSTANT_CONVERSION = YES;
				CLANG_WARN_DEPRECATED_OBJC_IMPLEMENTATIONS = YES;
				CLANG_WARN_DIRECT_OBJC_ISA_USAGE = YES_ERROR;
				CLANG_WARN_DOCUMENTATION_COMMENTS = YES;
				CLANG_WARN_EMPTY_BODY = YES;
				CLANG_WARN_ENUM_CONVERSION = YES;
				CLANG_WARN_INFINITE_RECURSION = YES;
				CLANG_WARN_INT_CONVERSION = YES;
				CLANG_WARN_NON_LITERAL_NULL_CONVERSION = YES;
				CLANG_WARN_OBJC_IMPLICIT_RETAIN_SELF = YES;
				CLANG_WARN_OBJC_LITERAL_CONVERSION = YES;
				CLANG_WARN_OBJC_ROOT_CLASS = YES_ERROR;
				CLANG_WARN_QUOTED_INCLUDE_IN_FRAMEWORK_HEADER = YES;
				CLANG_WARN_RANGE_LOOP_ANALYSIS = YES;
				CLANG_WARN_STRICT_PROTOTYPES = YES;
				CLANG_WARN_SUSPICIOUS_MOVE = YES;
				CLANG_WARN_UNGUARDED_AVAILABILITY = YES_AGGRESSIVE;
				CLANG_WARN_UNREACHABLE_CODE = YES;
				CLANG_WARN__DUPLICATE_METHOD_MATCH = YES;
				COPY_PHASE_STRIP = NO;
				DEBUG_INFORMATION_FORMAT = dwarf;
				ENABLE_STRICT_OBJC_MSGSEND = YES;
				ENABLE_TESTABILITY = YES;
				GCC_C_LANGUAGE_STANDARD = gnu11;
				GCC_DYNAMIC_NO_PIC = NO;
				GCC_NO_COMMON_BLOCKS = YES;
				GCC_OPTIMIZATION_LEVEL = 0;
				GCC_PREPROCESSOR_DEFINITIONS = (
					"DEBUG=1",
					"$(inherited)",
				);
				GCC_WARN_64_TO_32_BIT_CONVERSION = YES;
				GCC_WARN_ABOUT_RETURN_TYPE = YES_ERROR;
				GCC_WARN_UNDECLARED_SELECTOR = YES;
				GCC_WARN_UNINITIALIZED_AUTOS = YES_AGGRESSIVE;
				GCC_WARN_UNUSED_FUNCTION = YES;
				GCC_WARN_UNUSED_VARIABLE = YES;
				IPHONEOS_DEPLOYMENT_TARGET = 14.5;
				MTL_ENABLE_DEBUG_INFO = INCLUDE_SOURCE;
				MTL_FAST_MATH = YES;
				ONLY_ACTIVE_ARCH = YES;
				SDKROOT = iphoneos;
				SWIFT_ACTIVE_COMPILATION_CONDITIONS = DEBUG;
				SWIFT_OPTIMIZATION_LEVEL = "-Onone";
			};
			name = Debug;
		};
		056340D626B47AE70025A748 /* Release */ = {
			isa = XCBuildConfiguration;
			buildSettings = {
				ALWAYS_SEARCH_USER_PATHS = NO;
				CLANG_ANALYZER_NONNULL = YES;
				CLANG_ANALYZER_NUMBER_OBJECT_CONVERSION = YES_AGGRESSIVE;
				CLANG_CXX_LANGUAGE_STANDARD = "gnu++14";
				CLANG_CXX_LIBRARY = "libc++";
				CLANG_ENABLE_MODULES = YES;
				CLANG_ENABLE_OBJC_ARC = YES;
				CLANG_ENABLE_OBJC_WEAK = YES;
				CLANG_WARN_BLOCK_CAPTURE_AUTORELEASING = YES;
				CLANG_WARN_BOOL_CONVERSION = YES;
				CLANG_WARN_COMMA = YES;
				CLANG_WARN_CONSTANT_CONVERSION = YES;
				CLANG_WARN_DEPRECATED_OBJC_IMPLEMENTATIONS = YES;
				CLANG_WARN_DIRECT_OBJC_ISA_USAGE = YES_ERROR;
				CLANG_WARN_DOCUMENTATION_COMMENTS = YES;
				CLANG_WARN_EMPTY_BODY = YES;
				CLANG_WARN_ENUM_CONVERSION = YES;
				CLANG_WARN_INFINITE_RECURSION = YES;
				CLANG_WARN_INT_CONVERSION = YES;
				CLANG_WARN_NON_LITERAL_NULL_CONVERSION = YES;
				CLANG_WARN_OBJC_IMPLICIT_RETAIN_SELF = YES;
				CLANG_WARN_OBJC_LITERAL_CONVERSION = YES;
				CLANG_WARN_OBJC_ROOT_CLASS = YES_ERROR;
				CLANG_WARN_QUOTED_INCLUDE_IN_FRAMEWORK_HEADER = YES;
				CLANG_WARN_RANGE_LOOP_ANALYSIS = YES;
				CLANG_WARN_STRICT_PROTOTYPES = YES;
				CLANG_WARN_SUSPICIOUS_MOVE = YES;
				CLANG_WARN_UNGUARDED_AVAILABILITY = YES_AGGRESSIVE;
				CLANG_WARN_UNREACHABLE_CODE = YES;
				CLANG_WARN__DUPLICATE_METHOD_MATCH = YES;
				COPY_PHASE_STRIP = NO;
				DEBUG_INFORMATION_FORMAT = "dwarf-with-dsym";
				ENABLE_NS_ASSERTIONS = NO;
				ENABLE_STRICT_OBJC_MSGSEND = YES;
				GCC_C_LANGUAGE_STANDARD = gnu11;
				GCC_NO_COMMON_BLOCKS = YES;
				GCC_WARN_64_TO_32_BIT_CONVERSION = YES;
				GCC_WARN_ABOUT_RETURN_TYPE = YES_ERROR;
				GCC_WARN_UNDECLARED_SELECTOR = YES;
				GCC_WARN_UNINITIALIZED_AUTOS = YES_AGGRESSIVE;
				GCC_WARN_UNUSED_FUNCTION = YES;
				GCC_WARN_UNUSED_VARIABLE = YES;
				IPHONEOS_DEPLOYMENT_TARGET = 14.5;
				MTL_ENABLE_DEBUG_INFO = NO;
				MTL_FAST_MATH = YES;
				SDKROOT = iphoneos;
				SWIFT_COMPILATION_MODE = wholemodule;
				SWIFT_OPTIMIZATION_LEVEL = "-O";
				VALIDATE_PRODUCT = YES;
			};
			name = Release;
		};
		056340D826B47AE70025A748 /* Debug */ = {
			isa = XCBuildConfiguration;
			buildSettings = {
				ASSETCATALOG_COMPILER_APPICON_NAME = AppIcon;
				ASSETCATALOG_COMPILER_GLOBAL_ACCENT_COLOR_NAME = AccentColor;
				CODE_SIGN_STYLE = Automatic;
				INFOPLIST_FILE = hw2.8/Info.plist;
				LD_RUNPATH_SEARCH_PATHS = (
					"$(inherited)",
					"@executable_path/Frameworks",
				);
				PRODUCT_BUNDLE_IDENTIFIER = "com.springday.hw2-8";
				PRODUCT_NAME = "$(TARGET_NAME)";
				SWIFT_VERSION = 5.0;
				TARGETED_DEVICE_FAMILY = "1,2";
			};
			name = Debug;
		};
		056340D926B47AE70025A748 /* Release */ = {
			isa = XCBuildConfiguration;
			buildSettings = {
				ASSETCATALOG_COMPILER_APPICON_NAME = AppIcon;
				ASSETCATALOG_COMPILER_GLOBAL_ACCENT_COLOR_NAME = AccentColor;
				CODE_SIGN_STYLE = Automatic;
				INFOPLIST_FILE = hw2.8/Info.plist;
				LD_RUNPATH_SEARCH_PATHS = (
					"$(inherited)",
					"@executable_path/Frameworks",
				);
				PRODUCT_BUNDLE_IDENTIFIER = "com.springday.hw2-8";
				PRODUCT_NAME = "$(TARGET_NAME)";
				SWIFT_VERSION = 5.0;
				TARGETED_DEVICE_FAMILY = "1,2";
			};
			name = Release;
		};
/* End XCBuildConfiguration section */

/* Begin XCConfigurationList section */
		056340BE26B47AE30025A748 /* Build configuration list for PBXProject "hw2.8" */ = {
			isa = XCConfigurationList;
			buildConfigurations = (
				056340D526B47AE70025A748 /* Debug */,
				056340D626B47AE70025A748 /* Release */,
			);
			defaultConfigurationIsVisible = 0;
			defaultConfigurationName = Release;
		};
		056340D726B47AE70025A748 /* Build configuration list for PBXNativeTarget "hw2.8" */ = {
			isa = XCConfigurationList;
			buildConfigurations = (
				056340D826B47AE70025A748 /* Debug */,
				056340D926B47AE70025A748 /* Release */,
			);
			defaultConfigurationIsVisible = 0;
			defaultConfigurationName = Release;
		};
/* End XCConfigurationList section */
	};
	rootObject = 056340BB26B47AE30025A748 /* Project object */;
}
